
Microsoft Visual Studio Solution File, Format Version 12.00
# Visual Studio Version 17
VisualStudioVersion = 17.11.35219.272
MinimumVisualStudioVersion = 10.0.40219.1
Project("{FAE04EC0-301F-11D3-BF4B-00C04F79EFBC}") = "AleksandrN_TARpv23", "AleksandrN_TARpv23\AleksandrN_TARpv23.csproj", "{43D24435-B288-4797-AF60-7F20C60E3D08}"
EndProject
Global
	GlobalSection(SolutionConfigurationPlatforms) = preSolution
		Debug|Any CPU = Debug|Any CPU
		Release|Any CPU = Release|Any CPU
	EndGlobalSection
	GlobalSection(ProjectConfigurationPlatforms) = postSolution
		{43D24435-B288-4797-AF60-7F20C60E3D08}.Debug|Any CPU.ActiveCfg = Debug|Any CPU
		{43D24435-B288-4797-AF60-7F20C60E3D08}.Debug|Any CPU.Build.0 = Debug|Any CPU
		{43D24435-B288-4797-AF60-7F20C60E3D08}.Release|Any CPU.ActiveCfg = Release|Any CPU
		{43D24435-B288-4797-AF60-7F20C60E3D08}.Release|Any CPU.Build.0 = Release|Any CPU
	EndGlobalSection
	GlobalSection(SolutionProperties) = preSolution
		HideSolutionNode = FALSE
	EndGlobalSection
	GlobalSection(ExtensibilityGlobals) = postSolution
		SolutionGuid = {AD4F2779-C24E-4E7E-9BD8-80B44455E6CC}
	EndGlobalSection
EndGlobal
